
Microsoft Visual Studio Solution File, Format Version 12.00
# Visual Studio Version 17
VisualStudioVersion = 17.0.32112.339
MinimumVisualStudioVersion = 10.0.40219.1
Project("{FAE04EC0-301F-11D3-BF4B-00C04F79EFBC}") = "GoldRateCalculator", "GoldRateCalculator.csproj", "{4AA00004-7D02-4F35-ADCF-A9D06FF51C9A}"
EndProject
Project("{FAE04EC0-301F-11D3-BF4B-00C04F79EFBC}") = "GoldService", "..\GoldService\GoldService.csproj", "{EC0A0053-A6B8-44CE-9BCF-AE8F622D92B5}"
EndProject
Project("{2150E333-8FDC-42A3-9474-1A3956D46DE8}") = "test", "test", "{742DB9DB-A6F5-4341-9BDF-9D6D03FAFE68}"
EndProject
Project("{FAE04EC0-301F-11D3-BF4B-00C04F79EFBC}") = "GoldRateCalculator.test", "..\GoldRateCalculator.test\GoldRateCalculator.test.csproj", "{561A2C45-6417-4CE4-BC07-CEF366F51A95}"
EndProject
Global
	GlobalSection(SolutionConfigurationPlatforms) = preSolution
		Debug|Any CPU = Debug|Any CPU
		Release|Any CPU = Release|Any CPU
	EndGlobalSection
	GlobalSection(ProjectConfigurationPlatforms) = postSolution
		{4AA00004-7D02-4F35-ADCF-A9D06FF51C9A}.Debug|Any CPU.ActiveCfg = Debug|Any CPU
		{4AA00004-7D02-4F35-ADCF-A9D06FF51C9A}.Debug|Any CPU.Build.0 = Debug|Any CPU
		{4AA00004-7D02-4F35-ADCF-A9D06FF51C9A}.Release|Any CPU.ActiveCfg = Release|Any CPU
		{4AA00004-7D02-4F35-ADCF-A9D06FF51C9A}.Release|Any CPU.Build.0 = Release|Any CPU
		{EC0A0053-A6B8-44CE-9BCF-AE8F622D92B5}.Debug|Any CPU.ActiveCfg = Debug|Any CPU
		{EC0A0053-A6B8-44CE-9BCF-AE8F622D92B5}.Debug|Any CPU.Build.0 = Debug|Any CPU
		{EC0A0053-A6B8-44CE-9BCF-AE8F622D92B5}.Release|Any CPU.ActiveCfg = Release|Any CPU
		{EC0A0053-A6B8-44CE-9BCF-AE8F622D92B5}.Release|Any CPU.Build.0 = Release|Any CPU
		{561A2C45-6417-4CE4-BC07-CEF366F51A95}.Debug|Any CPU.ActiveCfg = Debug|Any CPU
		{561A2C45-6417-4CE4-BC07-CEF366F51A95}.Debug|Any CPU.Build.0 = Debug|Any CPU
		{561A2C45-6417-4CE4-BC07-CEF366F51A95}.Release|Any CPU.ActiveCfg = Release|Any CPU
		{561A2C45-6417-4CE4-BC07-CEF366F51A95}.Release|Any CPU.Build.0 = Release|Any CPU
	EndGlobalSection
	GlobalSection(SolutionProperties) = preSolution
		HideSolutionNode = FALSE
	EndGlobalSection
	GlobalSection(NestedProjects) = preSolution
		{561A2C45-6417-4CE4-BC07-CEF366F51A95} = {742DB9DB-A6F5-4341-9BDF-9D6D03FAFE68}
	EndGlobalSection
	GlobalSection(ExtensibilityGlobals) = postSolution
		SolutionGuid = {F4A3CAB3-F31E-4F0A-8FBD-1EF26F469156}
	EndGlobalSection
EndGlobal
